
Microsoft Visual Studio Solution File, Format Version 12.00
# Visual Studio Version 17
VisualStudioVersion = 17.14.36310.24
MinimumVisualStudioVersion = 10.0.40219.1
Project("{FAE04EC0-301F-11D3-BF4B-00C04F79EFBC}") = "Semana1_C#", "Semana1_C#\Semana1_C#.csproj", "{2B240F46-E000-4091-BB8F-D22578EA3AB4}"
EndProject
Project("{888888A0-9F3D-457C-B088-3A5042F75D52}") = "Semana1_Python", "Semana1_Python\Semana1_Python.pyproj", "{7A1301FA-A3E8-4EB7-A62E-185B330308F9}"
EndProject
Project("{888888A0-9F3D-457C-B088-3A5042F75D52}") = "Semana4.PY", "Semana4.PY\Semana4.PY.pyproj", "{FB01D4B6-9DCB-475D-A7D9-CED9AB6A2972}"
EndProject
Project("{888888A0-9F3D-457C-B088-3A5042F75D52}") = "Sem06", "Sem06\Sem06.pyproj", "{62FE60A7-21B0-4D5A-B629-58AF962BF4A2}"
EndProject
Global
	GlobalSection(SolutionConfigurationPlatforms) = preSolution
		Debug|Any CPU = Debug|Any CPU
		Release|Any CPU = Release|Any CPU
	EndGlobalSection
	GlobalSection(ProjectConfigurationPlatforms) = postSolution
		{2B240F46-E000-4091-BB8F-D22578EA3AB4}.Debug|Any CPU.ActiveCfg = Debug|Any CPU
		{2B240F46-E000-4091-BB8F-D22578EA3AB4}.Debug|Any CPU.Build.0 = Debug|Any CPU
		{2B240F46-E000-4091-BB8F-D22578EA3AB4}.Release|Any CPU.ActiveCfg = Release|Any CPU
		{2B240F46-E000-4091-BB8F-D22578EA3AB4}.Release|Any CPU.Build.0 = Release|Any CPU
		{7A1301FA-A3E8-4EB7-A62E-185B330308F9}.Debug|Any CPU.ActiveCfg = Debug|Any CPU
		{7A1301FA-A3E8-4EB7-A62E-185B330308F9}.Release|Any CPU.ActiveCfg = Release|Any CPU
		{FB01D4B6-9DCB-475D-A7D9-CED9AB6A2972}.Debug|Any CPU.ActiveCfg = Debug|Any CPU
		{FB01D4B6-9DCB-475D-A7D9-CED9AB6A2972}.Release|Any CPU.ActiveCfg = Release|Any CPU
		{62FE60A7-21B0-4D5A-B629-58AF962BF4A2}.Debug|Any CPU.ActiveCfg = Debug|Any CPU
		{62FE60A7-21B0-4D5A-B629-58AF962BF4A2}.Release|Any CPU.ActiveCfg = Release|Any CPU
	EndGlobalSection
	GlobalSection(SolutionProperties) = preSolution
		HideSolutionNode = FALSE
	EndGlobalSection
	GlobalSection(ExtensibilityGlobals) = postSolution
		SolutionGuid = {BEB04F7C-49F2-484D-B47E-E6B81188B935}
	EndGlobalSection
EndGlobal
